
Microsoft Visual Studio Solution File, Format Version 12.00
# Visual Studio Version 16
VisualStudioVersion = 16.0.31005.135
MinimumVisualStudioVersion = 10.0.40219.1
Project("{FAE04EC0-301F-11D3-BF4B-00C04F79EFBC}") = "Deeplom", "Deeplom\Deeplom.csproj", "{6ED2D878-F458-4E7E-A7A5-07D4DA52173E}"
EndProject
Global
	GlobalSection(SolutionConfigurationPlatforms) = preSolution
		Debug|Any CPU = Debug|Any CPU
		Release|Any CPU = Release|Any CPU
	EndGlobalSection
	GlobalSection(ProjectConfigurationPlatforms) = postSolution
		{6ED2D878-F458-4E7E-A7A5-07D4DA52173E}.Debug|Any CPU.ActiveCfg = Debug|Any CPU
		{6ED2D878-F458-4E7E-A7A5-07D4DA52173E}.Debug|Any CPU.Build.0 = Debug|Any CPU
		{6ED2D878-F458-4E7E-A7A5-07D4DA52173E}.Release|Any CPU.ActiveCfg = Release|Any CPU
		{6ED2D878-F458-4E7E-A7A5-07D4DA52173E}.Release|Any CPU.Build.0 = Release|Any CPU
	EndGlobalSection
	GlobalSection(SolutionProperties) = preSolution
		HideSolutionNode = FALSE
	EndGlobalSection
	GlobalSection(ExtensibilityGlobals) = postSolution
		SolutionGuid = {350BF890-21E5-4CC7-AF18-3804180C6BF8}
	EndGlobalSection
EndGlobal
